{
  "name": "fonts",
  "lockfileVersion": 3,
  "requires": true,
  "packages": {
    "": {
      "dependencies": {
        "@0x6b/ttf2woff2-wasm": "^0.13.2"
      }
    },
    "node_modules/@0x6b/ttf2woff2-wasm": {
      "version": "0.13.2",
      "resolved": "https://registry.npmmirror.com/@0x6b/ttf2woff2-wasm/-/ttf2woff2-wasm-0.13.2.tgz",
      "integrity": "sha512-9xCQLkTYhVaMxmoAQqQkNcC0g9FOF7gLxpaAUof8lqeMSsLYLHe+ye+qbG68HZDhJrSFvroPkFn6N/SdfqjM7Q==",
      "license": "MIT OR Apache-2.0"
    }
  }
}
